
Microsoft Visual Studio Solution File, Format Version 12.00
# Visual Studio Version 16
VisualStudioVersion = 16.0.31112.23
MinimumVisualStudioVersion = 10.0.40219.1
Project("{8BC9CEB8-8B4A-11D0-8D11-00A0C91BC942}") = "Algorithm", "Algorithm.vcxproj", "{7448C4F4-C64C-46E4-B718-4C1AA864919F}"
EndProject
Global
	GlobalSection(SolutionConfigurationPlatforms) = preSolution
		Debug|x64 = Debug|x64
		Debug|x86 = Debug|x86
		Release|x64 = Release|x64
		Release|x86 = Release|x86
	EndGlobalSection
	GlobalSection(ProjectConfigurationPlatforms) = postSolution
		{7448C4F4-C64C-46E4-B718-4C1AA864919F}.Debug|x64.ActiveCfg = Debug|x64
		{7448C4F4-C64C-46E4-B718-4C1AA864919F}.Debug|x64.Build.0 = Debug|x64
		{7448C4F4-C64C-46E4-B718-4C1AA864919F}.Debug|x86.ActiveCfg = Debug|Win32
		{7448C4F4-C64C-46E4-B718-4C1AA864919F}.Debug|x86.Build.0 = Debug|Win32
		{7448C4F4-C64C-46E4-B718-4C1AA864919F}.Release|x64.ActiveCfg = Release|x64
		{7448C4F4-C64C-46E4-B718-4C1AA864919F}.Release|x64.Build.0 = Release|x64
		{7448C4F4-C64C-46E4-B718-4C1AA864919F}.Release|x86.ActiveCfg = Release|Win32
		{7448C4F4-C64C-46E4-B718-4C1AA864919F}.Release|x86.Build.0 = Release|Win32
	EndGlobalSection
	GlobalSection(SolutionProperties) = preSolution
		HideSolutionNode = FALSE
	EndGlobalSection
	GlobalSection(ExtensibilityGlobals) = postSolution
		SolutionGuid = {FE3C781C-A554-44C2-B044-3FBD5D9B71A8}
	EndGlobalSection
EndGlobal
